// !$*UTF8*$!
{
	archiveVersion = 1;
	classes = {
	};
	objectVersion = 56;
	objects = {

/* Begin PBXBuildFile section */
		8F0BB8102A7A67F200A72248 /* CoordinatesApp.swift in Sources */ = {isa = PBXBuildFile; fileRef = 8F0BB80F2A7A67F200A72248 /* CoordinatesApp.swift */; };
		8F0BB8122A7A67F200A72248 /* MainView.swift in Sources */ = {isa = PBXBuildFile; fileRef = 8F0BB8112A7A67F200A72248 /* MainView.swift */; };
		8F0BB8142A7A67F300A72248 /* Assets.xcassets in Resources */ = {isa = PBXBuildFile; fileRef = 8F0BB8132A7A67F300A72248 /* Assets.xcassets */; };
		8F0BB8172A7A67F300A72248 /* Preview Assets.xcassets in Resources */ = {isa = PBXBuildFile; fileRef = 8F0BB8162A7A67F300A72248 /* Preview Assets.xcassets */; };
		8F0BB8212A7A67F300A72248 /* CoordinatesTests.swift in Sources */ = {isa = PBXBuildFile; fileRef = 8F0BB8202A7A67F300A72248 /* CoordinatesTests.swift */; };
		8F0BB82B2A7A67F300A72248 /* CoordinatesUITests.swift in Sources */ = {isa = PBXBuildFile; fileRef = 8F0BB82A2A7A67F300A72248 /* CoordinatesUITests.swift */; };
		8F0BB82D2A7A67F300A72248 /* CoordinatesUITestsLaunchTests.swift in Sources */ = {isa = PBXBuildFile; fileRef = 8F0BB82C2A7A67F300A72248 /* CoordinatesUITestsLaunchTests.swift */; };
		8F0BB83C2A7A6BF000A72248 /* MainViewModel.swift in Sources */ = {isa = PBXBuildFile; fileRef = 8F0BB83B2A7A6BF000A72248 /* MainViewModel.swift */; };
		8F0BB83F2A7A6D5C00A72248 /* DetailView.swift in Sources */ = {isa = PBXBuildFile; fileRef = 8F0BB83E2A7A6D5C00A72248 /* DetailView.swift */; };
		8F0BB8412A7A6D7400A72248 /* ChartViewModel.swift in Sources */ = {isa = PBXBuildFile; fileRef = 8F0BB8402A7A6D7400A72248 /* ChartViewModel.swift */; };
		8F2504D32A7A72680089188D /* HTTPTask.swift in Sources */ = {isa = PBXBuildFile; fileRef = 8F25049D2A7A72680089188D /* HTTPTask.swift */; };
		8F2504D42A7A72680089188D /* ParameterEncoding.swift in Sources */ = {isa = PBXBuildFile; fileRef = 8F25049E2A7A72680089188D /* ParameterEncoding.swift */; };
		8F2504D52A7A72680089188D /* HTTPClient.swift in Sources */ = {isa = PBXBuildFile; fileRef = 8F25049F2A7A72680089188D /* HTTPClient.swift */; };
		8F2504D62A7A72680089188D /* RequestMethod.swift in Sources */ = {isa = PBXBuildFile; fileRef = 8F2504A02A7A72680089188D /* RequestMethod.swift */; };
		8F2504D72A7A72680089188D /* URLParameterEncoder.swift in Sources */ = {isa = PBXBuildFile; fileRef = 8F2504A12A7A72680089188D /* URLParameterEncoder.swift */; };
		8F2504D82A7A72680089188D /* JSONParameterEncoder.swift in Sources */ = {isa = PBXBuildFile; fileRef = 8F2504A22A7A72680089188D /* JSONParameterEncoder.swift */; };
		8F2504D92A7A72680089188D /* RequestError.swift in Sources */ = {isa = PBXBuildFile; fileRef = 8F2504A32A7A72680089188D /* RequestError.swift */; };
		8F2504DA2A7A72680089188D /* Endpoint.swift in Sources */ = {isa = PBXBuildFile; fileRef = 8F2504A42A7A72680089188D /* Endpoint.swift */; };
		8F2504DB2A7A72680089188D /* FormDataParameterEncoder.swift in Sources */ = {isa = PBXBuildFile; fileRef = 8F2504A52A7A72680089188D /* FormDataParameterEncoder.swift */; };
		8F2504DC2A7A72680089188D /* Points.swift in Sources */ = {isa = PBXBuildFile; fileRef = 8F2504A72A7A72680089188D /* Points.swift */; };
		8F2504ED2A7A72680089188D /* PointsEndpoint.swift in Sources */ = {isa = PBXBuildFile; fileRef = 8F2504BA2A7A72680089188D /* PointsEndpoint.swift */; };
		8F2504F92A7A72680089188D /* PointsService.swift in Sources */ = {isa = PBXBuildFile; fileRef = 8F2504C72A7A72680089188D /* PointsService.swift */; };
		8F2505062A7A73FD0089188D /* Point.swift in Sources */ = {isa = PBXBuildFile; fileRef = 8F2505052A7A73FD0089188D /* Point.swift */; };
		8F2505082A7A75240089188D /* EmptyModel.swift in Sources */ = {isa = PBXBuildFile; fileRef = 8F2505072A7A75240089188D /* EmptyModel.swift */; };
		8F25050A2A7A90470089188D /* ChartView.swift in Sources */ = {isa = PBXBuildFile; fileRef = 8F2505092A7A90470089188D /* ChartView.swift */; };
		8FCC12C32A7FC70400698582 /* View+Exts.swift in Sources */ = {isa = PBXBuildFile; fileRef = 8FCC12C22A7FC70400698582 /* View+Exts.swift */; };
/* End PBXBuildFile section */

/* Begin PBXContainerItemProxy section */
		8F0BB81D2A7A67F300A72248 /* PBXContainerItemProxy */ = {
			isa = PBXContainerItemProxy;
			containerPortal = 8F0BB8042A7A67F200A72248 /* Project object */;
			proxyType = 1;
			remoteGlobalIDString = 8F0BB80B2A7A67F200A72248;
			remoteInfo = Coordinates;
		};
		8F0BB8272A7A67F300A72248 /* PBXContainerItemProxy */ = {
			isa = PBXContainerItemProxy;
			containerPortal = 8F0BB8042A7A67F200A72248 /* Project object */;
			proxyType = 1;
			remoteGlobalIDString = 8F0BB80B2A7A67F200A72248;
			remoteInfo = Coordinates;
		};
/* End PBXContainerItemProxy section */

/* Begin PBXFileReference section */
		8F0BB80C2A7A67F200A72248 /* Coordinates.app */ = {isa = PBXFileReference; explicitFileType = wrapper.application; includeInIndex = 0; path = Coordinates.app; sourceTree = BUILT_PRODUCTS_DIR; };
		8F0BB80F2A7A67F200A72248 /* CoordinatesApp.swift */ = {isa = PBXFileReference; lastKnownFileType = sourcecode.swift; path = CoordinatesApp.swift; sourceTree = "<group>"; };
		8F0BB8112A7A67F200A72248 /* MainView.swift */ = {isa = PBXFileReference; lastKnownFileType = sourcecode.swift; path = MainView.swift; sourceTree = "<group>"; };
		8F0BB8132A7A67F300A72248 /* Assets.xcassets */ = {isa = PBXFileReference; lastKnownFileType = folder.assetcatalog; path = Assets.xcassets; sourceTree = "<group>"; };
		8F0BB8162A7A67F300A72248 /* Preview Assets.xcassets */ = {isa = PBXFileReference; lastKnownFileType = folder.assetcatalog; path = "Preview Assets.xcassets"; sourceTree = "<group>"; };
		8F0BB81C2A7A67F300A72248 /* CoordinatesTests.xctest */ = {isa = PBXFileReference; explicitFileType = wrapper.cfbundle; includeInIndex = 0; path = CoordinatesTests.xctest; sourceTree = BUILT_PRODUCTS_DIR; };
		8F0BB8202A7A67F300A72248 /* CoordinatesTests.swift */ = {isa = PBXFileReference; lastKnownFileType = sourcecode.swift; path = CoordinatesTests.swift; sourceTree = "<group>"; };
		8F0BB8262A7A67F300A72248 /* CoordinatesUITests.xctest */ = {isa = PBXFileReference; explicitFileType = wrapper.cfbundle; includeInIndex = 0; path = CoordinatesUITests.xctest; sourceTree = BUILT_PRODUCTS_DIR; };
		8F0BB82A2A7A67F300A72248 /* CoordinatesUITests.swift */ = {isa = PBXFileReference; lastKnownFileType = sourcecode.swift; path = CoordinatesUITests.swift; sourceTree = "<group>"; };
		8F0BB82C2A7A67F300A72248 /* CoordinatesUITestsLaunchTests.swift */ = {isa = PBXFileReference; lastKnownFileType = sourcecode.swift; path = CoordinatesUITestsLaunchTests.swift; sourceTree = "<group>"; };
		8F0BB83B2A7A6BF000A72248 /* MainViewModel.swift */ = {isa = PBXFileReference; lastKnownFileType = sourcecode.swift; path = MainViewModel.swift; sourceTree = "<group>"; };
		8F0BB83E2A7A6D5C00A72248 /* DetailView.swift */ = {isa = PBXFileReference; lastKnownFileType = sourcecode.swift; path = DetailView.swift; sourceTree = "<group>"; };
		8F0BB8402A7A6D7400A72248 /* ChartViewModel.swift */ = {isa = PBXFileReference; lastKnownFileType = sourcecode.swift; path = ChartViewModel.swift; sourceTree = "<group>"; };
		8F25049D2A7A72680089188D /* HTTPTask.swift */ = {isa = PBXFileReference; fileEncoding = 4; lastKnownFileType = sourcecode.swift; path = HTTPTask.swift; sourceTree = "<group>"; };
		8F25049E2A7A72680089188D /* ParameterEncoding.swift */ = {isa = PBXFileReference; fileEncoding = 4; lastKnownFileType = sourcecode.swift; path = ParameterEncoding.swift; sourceTree = "<group>"; };
		8F25049F2A7A72680089188D /* HTTPClient.swift */ = {isa = PBXFileReference; fileEncoding = 4; lastKnownFileType = sourcecode.swift; path = HTTPClient.swift; sourceTree = "<group>"; };
		8F2504A02A7A72680089188D /* RequestMethod.swift */ = {isa = PBXFileReference; fileEncoding = 4; lastKnownFileType = sourcecode.swift; path = RequestMethod.swift; sourceTree = "<group>"; };
		8F2504A12A7A72680089188D /* URLParameterEncoder.swift */ = {isa = PBXFileReference; fileEncoding = 4; lastKnownFileType = sourcecode.swift; path = URLParameterEncoder.swift; sourceTree = "<group>"; };
		8F2504A22A7A72680089188D /* JSONParameterEncoder.swift */ = {isa = PBXFileReference; fileEncoding = 4; lastKnownFileType = sourcecode.swift; path = JSONParameterEncoder.swift; sourceTree = "<group>"; };
		8F2504A32A7A72680089188D /* RequestError.swift */ = {isa = PBXFileReference; fileEncoding = 4; lastKnownFileType = sourcecode.swift; path = RequestError.swift; sourceTree = "<group>"; };
		8F2504A42A7A72680089188D /* Endpoint.swift */ = {isa = PBXFileReference; fileEncoding = 4; lastKnownFileType = sourcecode.swift; path = Endpoint.swift; sourceTree = "<group>"; };
		8F2504A52A7A72680089188D /* FormDataParameterEncoder.swift */ = {isa = PBXFileReference; fileEncoding = 4; lastKnownFileType = sourcecode.swift; path = FormDataParameterEncoder.swift; sourceTree = "<group>"; };
		8F2504A72A7A72680089188D /* Points.swift */ = {isa = PBXFileReference; fileEncoding = 4; lastKnownFileType = sourcecode.swift; path = Points.swift; sourceTree = "<group>"; };
		8F2504BA2A7A72680089188D /* PointsEndpoint.swift */ = {isa = PBXFileReference; fileEncoding = 4; lastKnownFileType = sourcecode.swift; path = PointsEndpoint.swift; sourceTree = "<group>"; };
		8F2504C72A7A72680089188D /* PointsService.swift */ = {isa = PBXFileReference; fileEncoding = 4; lastKnownFileType = sourcecode.swift; path = PointsService.swift; sourceTree = "<group>"; };
		8F2505052A7A73FD0089188D /* Point.swift */ = {isa = PBXFileReference; lastKnownFileType = sourcecode.swift; path = Point.swift; sourceTree = "<group>"; };
		8F2505072A7A75240089188D /* EmptyModel.swift */ = {isa = PBXFileReference; fileEncoding = 4; lastKnownFileType = sourcecode.swift; path = EmptyModel.swift; sourceTree = "<group>"; };
		8F2505092A7A90470089188D /* ChartView.swift */ = {isa = PBXFileReference; lastKnownFileType = sourcecode.swift; path = ChartView.swift; sourceTree = "<group>"; };
		8FCC12C22A7FC70400698582 /* View+Exts.swift */ = {isa = PBXFileReference; fileEncoding = 4; lastKnownFileType = sourcecode.swift; path = "View+Exts.swift"; sourceTree = "<group>"; };
/* End PBXFileReference section */

/* Begin PBXFrameworksBuildPhase section */
		8F0BB8092A7A67F200A72248 /* Frameworks */ = {
			isa = PBXFrameworksBuildPhase;
			buildActionMask = 2147483647;
			files = (
			);
			runOnlyForDeploymentPostprocessing = 0;
		};
		8F0BB8192A7A67F300A72248 /* Frameworks */ = {
			isa = PBXFrameworksBuildPhase;
			buildActionMask = 2147483647;
			files = (
			);
			runOnlyForDeploymentPostprocessing = 0;
		};
		8F0BB8232A7A67F300A72248 /* Frameworks */ = {
			isa = PBXFrameworksBuildPhase;
			buildActionMask = 2147483647;
			files = (
			);
			runOnlyForDeploymentPostprocessing = 0;
		};
/* End PBXFrameworksBuildPhase section */

/* Begin PBXGroup section */
		8F0BB8032A7A67F200A72248 = {
			isa = PBXGroup;
			children = (
				8F0BB80E2A7A67F200A72248 /* Coordinates */,
				8F0BB81F2A7A67F300A72248 /* CoordinatesTests */,
				8F0BB8292A7A67F300A72248 /* CoordinatesUITests */,
				8F0BB80D2A7A67F200A72248 /* Products */,
			);
			sourceTree = "<group>";
		};
		8F0BB80D2A7A67F200A72248 /* Products */ = {
			isa = PBXGroup;
			children = (
				8F0BB80C2A7A67F200A72248 /* Coordinates.app */,
				8F0BB81C2A7A67F300A72248 /* CoordinatesTests.xctest */,
				8F0BB8262A7A67F300A72248 /* CoordinatesUITests.xctest */,
			);
			name = Products;
			sourceTree = "<group>";
		};
		8F0BB80E2A7A67F200A72248 /* Coordinates */ = {
			isa = PBXGroup;
			children = (
				8F0BB80F2A7A67F200A72248 /* CoordinatesApp.swift */,
				8F0BB8422A7A719600A72248 /* Network */,
				8FCC12BC2A7FB1F900698582 /* Extensions */,
				8F0BB83A2A7A6BD900A72248 /* Screens */,
				8F0BB8132A7A67F300A72248 /* Assets.xcassets */,
				8F0BB8152A7A67F300A72248 /* Preview Content */,
			);
			path = Coordinates;
			sourceTree = "<group>";
		};
		8F0BB8152A7A67F300A72248 /* Preview Content */ = {
			isa = PBXGroup;
			children = (
				8F0BB8162A7A67F300A72248 /* Preview Assets.xcassets */,
			);
			path = "Preview Content";
			sourceTree = "<group>";
		};
		8F0BB81F2A7A67F300A72248 /* CoordinatesTests */ = {
			isa = PBXGroup;
			children = (
				8F0BB8202A7A67F300A72248 /* CoordinatesTests.swift */,
			);
			path = CoordinatesTests;
			sourceTree = "<group>";
		};
		8F0BB8292A7A67F300A72248 /* CoordinatesUITests */ = {
			isa = PBXGroup;
			children = (
				8F0BB82A2A7A67F300A72248 /* CoordinatesUITests.swift */,
				8F0BB82C2A7A67F300A72248 /* CoordinatesUITestsLaunchTests.swift */,
			);
			path = CoordinatesUITests;
			sourceTree = "<group>";
		};
		8F0BB8392A7A6BC700A72248 /* Main */ = {
			isa = PBXGroup;
			children = (
				8F0BB8112A7A67F200A72248 /* MainView.swift */,
				8F0BB83B2A7A6BF000A72248 /* MainViewModel.swift */,
			);
			path = Main;
			sourceTree = "<group>";
		};
		8F0BB83A2A7A6BD900A72248 /* Screens */ = {
			isa = PBXGroup;
			children = (
				8F0BB8392A7A6BC700A72248 /* Main */,
				8F0BB83D2A7A6D3200A72248 /* Detail */,
			);
			path = Screens;
			sourceTree = "<group>";
		};
		8F0BB83D2A7A6D3200A72248 /* Detail */ = {
			isa = PBXGroup;
			children = (
				8F0BB83E2A7A6D5C00A72248 /* DetailView.swift */,
				8F2505092A7A90470089188D /* ChartView.swift */,
				8F0BB8402A7A6D7400A72248 /* ChartViewModel.swift */,
			);
			path = Detail;
			sourceTree = "<group>";
		};
		8F0BB8422A7A719600A72248 /* Network */ = {
			isa = PBXGroup;
			children = (
				8F25049C2A7A72680089188D /* Base */,
				8F2504B92A7A72680089188D /* Endpoints */,
				8F2504A62A7A72680089188D /* Models */,
				8F2504C62A7A72680089188D /* Services */,
			);
			path = Network;
			sourceTree = "<group>";
		};
		8F25049C2A7A72680089188D /* Base */ = {
			isa = PBXGroup;
			children = (
				8F2505072A7A75240089188D /* EmptyModel.swift */,
				8F25049D2A7A72680089188D /* HTTPTask.swift */,
				8F25049E2A7A72680089188D /* ParameterEncoding.swift */,
				8F25049F2A7A72680089188D /* HTTPClient.swift */,
				8F2504A02A7A72680089188D /* RequestMethod.swift */,
				8F2504A12A7A72680089188D /* URLParameterEncoder.swift */,
				8F2504A22A7A72680089188D /* JSONParameterEncoder.swift */,
				8F2504A32A7A72680089188D /* RequestError.swift */,
				8F2504A42A7A72680089188D /* Endpoint.swift */,
				8F2504A52A7A72680089188D /* FormDataParameterEncoder.swift */,
			);
			path = Base;
			sourceTree = "<group>";
		};
		8F2504A62A7A72680089188D /* Models */ = {
			isa = PBXGroup;
			children = (
				8F2504A72A7A72680089188D /* Points.swift */,
				8F2505052A7A73FD0089188D /* Point.swift */,
			);
			path = Models;
			sourceTree = "<group>";
		};
		8F2504B92A7A72680089188D /* Endpoints */ = {
			isa = PBXGroup;
			children = (
				8F2504BA2A7A72680089188D /* PointsEndpoint.swift */,
			);
			path = Endpoints;
			sourceTree = "<group>";
		};
		8F2504C62A7A72680089188D /* Services */ = {
			isa = PBXGroup;
			children = (
				8F2504C72A7A72680089188D /* PointsService.swift */,
			);
			path = Services;
			sourceTree = "<group>";
		};
		8FCC12BC2A7FB1F900698582 /* Extensions */ = {
			isa = PBXGroup;
			children = (
				8FCC12C22A7FC70400698582 /* View+Exts.swift */,
			);
			path = Extensions;
			sourceTree = "<group>";
		};
/* End PBXGroup section */

/* Begin PBXNativeTarget section */
		8F0BB80B2A7A67F200A72248 /* Coordinates */ = {
			isa = PBXNativeTarget;
			buildConfigurationList = 8F0BB8302A7A67F300A72248 /* Build configuration list for PBXNativeTarget "Coordinates" */;
			buildPhases = (
				8F0BB8082A7A67F200A72248 /* Sources */,
				8F0BB8092A7A67F200A72248 /* Frameworks */,
				8F0BB80A2A7A67F200A72248 /* Resources */,
			);
			buildRules = (
			);
			dependencies = (
			);
			name = Coordinates;
			productName = Coordinates;
			productReference = 8F0BB80C2A7A67F200A72248 /* Coordinates.app */;
			productType = "com.apple.product-type.application";
		};
		8F0BB81B2A7A67F300A72248 /* CoordinatesTests */ = {
			isa = PBXNativeTarget;
			buildConfigurationList = 8F0BB8332A7A67F300A72248 /* Build configuration list for PBXNativeTarget "CoordinatesTests" */;
			buildPhases = (
				8F0BB8182A7A67F300A72248 /* Sources */,
				8F0BB8192A7A67F300A72248 /* Frameworks */,
				8F0BB81A2A7A67F300A72248 /* Resources */,
			);
			buildRules = (
			);
			dependencies = (
				8F0BB81E2A7A67F300A72248 /* PBXTargetDependency */,
			);
			name = CoordinatesTests;
			productName = CoordinatesTests;
			productReference = 8F0BB81C2A7A67F300A72248 /* CoordinatesTests.xctest */;
			productType = "com.apple.product-type.bundle.unit-test";
		};
		8F0BB8252A7A67F300A72248 /* CoordinatesUITests */ = {
			isa = PBXNativeTarget;
			buildConfigurationList = 8F0BB8362A7A67F300A72248 /* Build configuration list for PBXNativeTarget "CoordinatesUITests" */;
			buildPhases = (
				8F0BB8222A7A67F300A72248 /* Sources */,
				8F0BB8232A7A67F300A72248 /* Frameworks */,
				8F0BB8242A7A67F300A72248 /* Resources */,
			);
			buildRules = (
			);
			dependencies = (
				8F0BB8282A7A67F300A72248 /* PBXTargetDependency */,
			);
			name = CoordinatesUITests;
			productName = CoordinatesUITests;
			productReference = 8F0BB8262A7A67F300A72248 /* CoordinatesUITests.xctest */;
			productType = "com.apple.product-type.bundle.ui-testing";
		};
/* End PBXNativeTarget section */

/* Begin PBXProject section */
		8F0BB8042A7A67F200A72248 /* Project object */ = {
			isa = PBXProject;
			attributes = {
				BuildIndependentTargetsInParallel = 1;
				LastSwiftUpdateCheck = 1430;
				LastUpgradeCheck = 1430;
				TargetAttributes = {
					8F0BB80B2A7A67F200A72248 = {
						CreatedOnToolsVersion = 14.3;
					};
					8F0BB81B2A7A67F300A72248 = {
						CreatedOnToolsVersion = 14.3;
						TestTargetID = 8F0BB80B2A7A67F200A72248;
					};
					8F0BB8252A7A67F300A72248 = {
						CreatedOnToolsVersion = 14.3;
						TestTargetID = 8F0BB80B2A7A67F200A72248;
					};
				};
			};
			buildConfigurationList = 8F0BB8072A7A67F200A72248 /* Build configuration list for PBXProject "Coordinates" */;
			compatibilityVersion = "Xcode 14.0";
			developmentRegion = en;
			hasScannedForEncodings = 0;
			knownRegions = (
				en,
				Base,
			);
			mainGroup = 8F0BB8032A7A67F200A72248;
			productRefGroup = 8F0BB80D2A7A67F200A72248 /* Products */;
			projectDirPath = "";
			projectRoot = "";
			targets = (
				8F0BB80B2A7A67F200A72248 /* Coordinates */,
				8F0BB81B2A7A67F300A72248 /* CoordinatesTests */,
				8F0BB8252A7A67F300A72248 /* CoordinatesUITests */,
			);
		};
/* End PBXProject section */

/* Begin PBXResourcesBuildPhase section */
		8F0BB80A2A7A67F200A72248 /* Resources */ = {
			isa = PBXResourcesBuildPhase;
			buildActionMask = 2147483647;
			files = (
				8F0BB8172A7A67F300A72248 /* Preview Assets.xcassets in Resources */,
				8F0BB8142A7A67F300A72248 /* Assets.xcassets in Resources */,
			);
			runOnlyForDeploymentPostprocessing = 0;
		};
		8F0BB81A2A7A67F300A72248 /* Resources */ = {
			isa = PBXResourcesBuildPhase;
			buildActionMask = 2147483647;
			files = (
			);
			runOnlyForDeploymentPostprocessing = 0;
		};
		8F0BB8242A7A67F300A72248 /* Resources */ = {
			isa = PBXResourcesBuildPhase;
			buildActionMask = 2147483647;
			files = (
			);
			runOnlyForDeploymentPostprocessing = 0;
		};
/* End PBXResourcesBuildPhase section */

/* Begin PBXSourcesBuildPhase section */
		8F0BB8082A7A67F200A72248 /* Sources */ = {
			isa = PBXSourcesBuildPhase;
			buildActionMask = 2147483647;
			files = (
				8F2504F92A7A72680089188D /* PointsService.swift in Sources */,
				8F2504D42A7A72680089188D /* ParameterEncoding.swift in Sources */,
				8F2504D32A7A72680089188D /* HTTPTask.swift in Sources */,
				8F25050A2A7A90470089188D /* ChartView.swift in Sources */,
				8F2504DB2A7A72680089188D /* FormDataParameterEncoder.swift in Sources */,
				8F2504D52A7A72680089188D /* HTTPClient.swift in Sources */,
				8F2504DC2A7A72680089188D /* Points.swift in Sources */,
				8F2504DA2A7A72680089188D /* Endpoint.swift in Sources */,
				8F0BB8122A7A67F200A72248 /* MainView.swift in Sources */,
				8F2504ED2A7A72680089188D /* PointsEndpoint.swift in Sources */,
				8F2504D82A7A72680089188D /* JSONParameterEncoder.swift in Sources */,
				8F0BB83F2A7A6D5C00A72248 /* DetailView.swift in Sources */,
				8F0BB8102A7A67F200A72248 /* CoordinatesApp.swift in Sources */,
				8F0BB8412A7A6D7400A72248 /* ChartViewModel.swift in Sources */,
				8F2504D92A7A72680089188D /* RequestError.swift in Sources */,
				8FCC12C32A7FC70400698582 /* View+Exts.swift in Sources */,
				8F2505062A7A73FD0089188D /* Point.swift in Sources */,
				8F2504D62A7A72680089188D /* RequestMethod.swift in Sources */,
				8F2504D72A7A72680089188D /* URLParameterEncoder.swift in Sources */,
				8F2505082A7A75240089188D /* EmptyModel.swift in Sources */,
				8F0BB83C2A7A6BF000A72248 /* MainViewModel.swift in Sources */,
			);
			runOnlyForDeploymentPostprocessing = 0;
		};
		8F0BB8182A7A67F300A72248 /* Sources */ = {
			isa = PBXSourcesBuildPhase;
			buildActionMask = 2147483647;
			files = (
				8F0BB8212A7A67F300A72248 /* CoordinatesTests.swift in Sources */,
			);
			runOnlyForDeploymentPostprocessing = 0;
		};
		8F0BB8222A7A67F300A72248 /* Sources */ = {
			isa = PBXSourcesBuildPhase;
			buildActionMask = 2147483647;
			files = (
				8F0BB82D2A7A67F300A72248 /* CoordinatesUITestsLaunchTests.swift in Sources */,
				8F0BB82B2A7A67F300A72248 /* CoordinatesUITests.swift in Sources */,
			);
			runOnlyForDeploymentPostprocessing = 0;
		};
/* End PBXSourcesBuildPhase section */

/* Begin PBXTargetDependency section */
		8F0BB81E2A7A67F300A72248 /* PBXTargetDependency */ = {
			isa = PBXTargetDependency;
			target = 8F0BB80B2A7A67F200A72248 /* Coordinates */;
			targetProxy = 8F0BB81D2A7A67F300A72248 /* PBXContainerItemProxy */;
		};
		8F0BB8282A7A67F300A72248 /* PBXTargetDependency */ = {
			isa = PBXTargetDependency;
			target = 8F0BB80B2A7A67F200A72248 /* Coordinates */;
			targetProxy = 8F0BB8272A7A67F300A72248 /* PBXContainerItemProxy */;
		};
/* End PBXTargetDependency section */

/* Begin XCBuildConfiguration section */
		8F0BB82E2A7A67F300A72248 /* Debug */ = {
			isa = XCBuildConfiguration;
			buildSettings = {
				ALWAYS_SEARCH_USER_PATHS = NO;
				CLANG_ANALYZER_NONNULL = YES;
				CLANG_ANALYZER_NUMBER_OBJECT_CONVERSION = YES_AGGRESSIVE;
				CLANG_CXX_LANGUAGE_STANDARD = "gnu++20";
				CLANG_ENABLE_MODULES = YES;
				CLANG_ENABLE_OBJC_ARC = YES;
				CLANG_ENABLE_OBJC_WEAK = YES;
				CLANG_WARN_BLOCK_CAPTURE_AUTORELEASING = YES;
				CLANG_WARN_BOOL_CONVERSION = YES;
				CLANG_WARN_COMMA = YES;
				CLANG_WARN_CONSTANT_CONVERSION = YES;
				CLANG_WARN_DEPRECATED_OBJC_IMPLEMENTATIONS = YES;
				CLANG_WARN_DIRECT_OBJC_ISA_USAGE = YES_ERROR;
				CLANG_WARN_DOCUMENTATION_COMMENTS = YES;
				CLANG_WARN_EMPTY_BODY = YES;
				CLANG_WARN_ENUM_CONVERSION = YES;
				CLANG_WARN_INFINITE_RECURSION = YES;
				CLANG_WARN_INT_CONVERSION = YES;
				CLANG_WARN_NON_LITERAL_NULL_CONVERSION = YES;
				CLANG_WARN_OBJC_IMPLICIT_RETAIN_SELF = YES;
				CLANG_WARN_OBJC_LITERAL_CONVERSION = YES;
				CLANG_WARN_OBJC_ROOT_CLASS = YES_ERROR;
				CLANG_WARN_QUOTED_INCLUDE_IN_FRAMEWORK_HEADER = YES;
				CLANG_WARN_RANGE_LOOP_ANALYSIS = YES;
				CLANG_WARN_STRICT_PROTOTYPES = YES;
				CLANG_WARN_SUSPICIOUS_MOVE = YES;
				CLANG_WARN_UNGUARDED_AVAILABILITY = YES_AGGRESSIVE;
				CLANG_WARN_UNREACHABLE_CODE = YES;
				CLANG_WARN__DUPLICATE_METHOD_MATCH = YES;
				COPY_PHASE_STRIP = NO;
				DEBUG_INFORMATION_FORMAT = dwarf;
				ENABLE_STRICT_OBJC_MSGSEND = YES;
				ENABLE_TESTABILITY = YES;
				GCC_C_LANGUAGE_STANDARD = gnu11;
				GCC_DYNAMIC_NO_PIC = NO;
				GCC_NO_COMMON_BLOCKS = YES;
				GCC_OPTIMIZATION_LEVEL = 0;
				GCC_PREPROCESSOR_DEFINITIONS = (
					"DEBUG=1",
					"$(inherited)",
				);
				GCC_WARN_64_TO_32_BIT_CONVERSION = YES;
				GCC_WARN_ABOUT_RETURN_TYPE = YES_ERROR;
				GCC_WARN_UNDECLARED_SELECTOR = YES;
				GCC_WARN_UNINITIALIZED_AUTOS = YES_AGGRESSIVE;
				GCC_WARN_UNUSED_FUNCTION = YES;
				GCC_WARN_UNUSED_VARIABLE = YES;
				IPHONEOS_DEPLOYMENT_TARGET = 16.4;
				MTL_ENABLE_DEBUG_INFO = INCLUDE_SOURCE;
				MTL_FAST_MATH = YES;
				ONLY_ACTIVE_ARCH = YES;
				SDKROOT = iphoneos;
				SWIFT_ACTIVE_COMPILATION_CONDITIONS = DEBUG;
				SWIFT_OPTIMIZATION_LEVEL = "-Onone";
			};
			name = Debug;
		};
		8F0BB82F2A7A67F300A72248 /* Release */ = {
			isa = XCBuildConfiguration;
			buildSettings = {
				ALWAYS_SEARCH_USER_PATHS = NO;
				CLANG_ANALYZER_NONNULL = YES;
				CLANG_ANALYZER_NUMBER_OBJECT_CONVERSION = YES_AGGRESSIVE;
				CLANG_CXX_LANGUAGE_STANDARD = "gnu++20";
				CLANG_ENABLE_MODULES = YES;
				CLANG_ENABLE_OBJC_ARC = YES;
				CLANG_ENABLE_OBJC_WEAK = YES;
				CLANG_WARN_BLOCK_CAPTURE_AUTORELEASING = YES;
				CLANG_WARN_BOOL_CONVERSION = YES;
				CLANG_WARN_COMMA = YES;
				CLANG_WARN_CONSTANT_CONVERSION = YES;
				CLANG_WARN_DEPRECATED_OBJC_IMPLEMENTATIONS = YES;
				CLANG_WARN_DIRECT_OBJC_ISA_USAGE = YES_ERROR;
				CLANG_WARN_DOCUMENTATION_COMMENTS = YES;
				CLANG_WARN_EMPTY_BODY = YES;
				CLANG_WARN_ENUM_CONVERSION = YES;
				CLANG_WARN_INFINITE_RECURSION = YES;
				CLANG_WARN_INT_CONVERSION = YES;
				CLANG_WARN_NON_LITERAL_NULL_CONVERSION = YES;
				CLANG_WARN_OBJC_IMPLICIT_RETAIN_SELF = YES;
				CLANG_WARN_OBJC_LITERAL_CONVERSION = YES;
				CLANG_WARN_OBJC_ROOT_CLASS = YES_ERROR;
				CLANG_WARN_QUOTED_INCLUDE_IN_FRAMEWORK_HEADER = YES;
				CLANG_WARN_RANGE_LOOP_ANALYSIS = YES;
				CLANG_WARN_STRICT_PROTOTYPES = YES;
				CLANG_WARN_SUSPICIOUS_MOVE = YES;
				CLANG_WARN_UNGUARDED_AVAILABILITY = YES_AGGRESSIVE;
				CLANG_WARN_UNREACHABLE_CODE = YES;
				CLANG_WARN__DUPLICATE_METHOD_MATCH = YES;
				COPY_PHASE_STRIP = NO;
				DEBUG_INFORMATION_FORMAT = "dwarf-with-dsym";
				ENABLE_NS_ASSERTIONS = NO;
				ENABLE_STRICT_OBJC_MSGSEND = YES;
				GCC_C_LANGUAGE_STANDARD = gnu11;
				GCC_NO_COMMON_BLOCKS = YES;
				GCC_WARN_64_TO_32_BIT_CONVERSION = YES;
				GCC_WARN_ABOUT_RETURN_TYPE = YES_ERROR;
				GCC_WARN_UNDECLARED_SELECTOR = YES;
				GCC_WARN_UNINITIALIZED_AUTOS = YES_AGGRESSIVE;
				GCC_WARN_UNUSED_FUNCTION = YES;
				GCC_WARN_UNUSED_VARIABLE = YES;
				IPHONEOS_DEPLOYMENT_TARGET = 16.4;
				MTL_ENABLE_DEBUG_INFO = NO;
				MTL_FAST_MATH = YES;
				SDKROOT = iphoneos;
				SWIFT_COMPILATION_MODE = wholemodule;
				SWIFT_OPTIMIZATION_LEVEL = "-O";
				VALIDATE_PRODUCT = YES;
			};
			name = Release;
		};
		8F0BB8312A7A67F300A72248 /* Debug */ = {
			isa = XCBuildConfiguration;
			buildSettings = {
				ASSETCATALOG_COMPILER_APPICON_NAME = AppIcon;
				ASSETCATALOG_COMPILER_GLOBAL_ACCENT_COLOR_NAME = AccentColor;
				CODE_SIGN_STYLE = Automatic;
				CURRENT_PROJECT_VERSION = 1;
				DEVELOPMENT_ASSET_PATHS = "\"Coordinates/Preview Content\"";
				DEVELOPMENT_TEAM = E3FZZXWET7;
				ENABLE_PREVIEWS = YES;
				GENERATE_INFOPLIST_FILE = YES;
				INFOPLIST_KEY_NSPhotoLibraryAddUsageDescription = "Save graph to library";
				INFOPLIST_KEY_UIApplicationSceneManifest_Generation = YES;
				INFOPLIST_KEY_UIApplicationSupportsIndirectInputEvents = YES;
				INFOPLIST_KEY_UILaunchScreen_Generation = YES;
				INFOPLIST_KEY_UISupportedInterfaceOrientations_iPad = "UIInterfaceOrientationPortrait UIInterfaceOrientationPortraitUpsideDown UIInterfaceOrientationLandscapeLeft UIInterfaceOrientationLandscapeRight";
				INFOPLIST_KEY_UISupportedInterfaceOrientations_iPhone = "UIInterfaceOrientationPortrait UIInterfaceOrientationLandscapeLeft UIInterfaceOrientationLandscapeRight";
				IPHONEOS_DEPLOYMENT_TARGET = 15.0;
				LD_RUNPATH_SEARCH_PATHS = (
					"$(inherited)",
					"@executable_path/Frameworks",
				);
				MARKETING_VERSION = 1.0;
				PRODUCT_BUNDLE_IDENTIFIER = com.rtv.Coordinates;
				PRODUCT_NAME = "$(TARGET_NAME)";
				SWIFT_EMIT_LOC_STRINGS = YES;
				SWIFT_VERSION = 5.0;
				TARGETED_DEVICE_FAMILY = "1,2";
			};
			name = Debug;
		};
		8F0BB8322A7A67F300A72248 /* Release */ = {
			isa = XCBuildConfiguration;
			buildSettings = {
				ASSETCATALOG_COMPILER_APPICON_NAME = AppIcon;
				ASSETCATALOG_COMPILER_GLOBAL_ACCENT_COLOR_NAME = AccentColor;
				CODE_SIGN_STYLE = Automatic;
				CURRENT_PROJECT_VERSION = 1;
				DEVELOPMENT_ASSET_PATHS = "\"Coordinates/Preview Content\"";
				DEVELOPMENT_TEAM = E3FZZXWET7;
				ENABLE_PREVIEWS = YES;
				GENERATE_INFOPLIST_FILE = YES;
				INFOPLIST_KEY_NSPhotoLibraryAddUsageDescription = "Save graph to library";
				INFOPLIST_KEY_UIApplicationSceneManifest_Generation = YES;
				INFOPLIST_KEY_UIApplicationSupportsIndirectInputEvents = YES;
				INFOPLIST_KEY_UILaunchScreen_Generation = YES;
				INFOPLIST_KEY_UISupportedInterfaceOrientations_iPad = "UIInterfaceOrientationPortrait UIInterfaceOrientationPortraitUpsideDown UIInterfaceOrientationLandscapeLeft UIInterfaceOrientationLandscapeRight";
				INFOPLIST_KEY_UISupportedInterfaceOrientations_iPhone = "UIInterfaceOrientationPortrait UIInterfaceOrientationLandscapeLeft UIInterfaceOrientationLandscapeRight";
				IPHONEOS_DEPLOYMENT_TARGET = 15.0;
				LD_RUNPATH_SEARCH_PATHS = (
					"$(inherited)",
					"@executable_path/Frameworks",
				);
				MARKETING_VERSION = 1.0;
				PRODUCT_BUNDLE_IDENTIFIER = com.rtv.Coordinates;
				PRODUCT_NAME = "$(TARGET_NAME)";
				SWIFT_EMIT_LOC_STRINGS = YES;
				SWIFT_VERSION = 5.0;
				TARGETED_DEVICE_FAMILY = "1,2";
			};
			name = Release;
		};
		8F0BB8342A7A67F300A72248 /* Debug */ = {
			isa = XCBuildConfiguration;
			buildSettings = {
				ALWAYS_EMBED_SWIFT_STANDARD_LIBRARIES = YES;
				BUNDLE_LOADER = "$(TEST_HOST)";
				CODE_SIGN_STYLE = Automatic;
				CURRENT_PROJECT_VERSION = 1;
				DEVELOPMENT_TEAM = E3FZZXWET7;
				GENERATE_INFOPLIST_FILE = YES;
				IPHONEOS_DEPLOYMENT_TARGET = 16.4;
				MARKETING_VERSION = 1.0;
				PRODUCT_BUNDLE_IDENTIFIER = com.trv.CoordinatesTests;
				PRODUCT_NAME = "$(TARGET_NAME)";
				SWIFT_EMIT_LOC_STRINGS = NO;
				SWIFT_VERSION = 5.0;
				TARGETED_DEVICE_FAMILY = "1,2";
				TEST_HOST = "$(BUILT_PRODUCTS_DIR)/Coordinates.app/$(BUNDLE_EXECUTABLE_FOLDER_PATH)/Coordinates";
			};
			name = Debug;
		};
		8F0BB8352A7A67F300A72248 /* Release */ = {
			isa = XCBuildConfiguration;
			buildSettings = {
				ALWAYS_EMBED_SWIFT_STANDARD_LIBRARIES = YES;
				BUNDLE_LOADER = "$(TEST_HOST)";
				CODE_SIGN_STYLE = Automatic;
				CURRENT_PROJECT_VERSION = 1;
				DEVELOPMENT_TEAM = E3FZZXWET7;
				GENERATE_INFOPLIST_FILE = YES;
				IPHONEOS_DEPLOYMENT_TARGET = 16.4;
				MARKETING_VERSION = 1.0;
				PRODUCT_BUNDLE_IDENTIFIER = com.trv.CoordinatesTests;
				PRODUCT_NAME = "$(TARGET_NAME)";
				SWIFT_EMIT_LOC_STRINGS = NO;
				SWIFT_VERSION = 5.0;
				TARGETED_DEVICE_FAMILY = "1,2";
				TEST_HOST = "$(BUILT_PRODUCTS_DIR)/Coordinates.app/$(BUNDLE_EXECUTABLE_FOLDER_PATH)/Coordinates";
			};
			name = Release;
		};
		8F0BB8372A7A67F300A72248 /* Debug */ = {
			isa = XCBuildConfiguration;
			buildSettings = {
				ALWAYS_EMBED_SWIFT_STANDARD_LIBRARIES = YES;
				CODE_SIGN_STYLE = Automatic;
				CURRENT_PROJECT_VERSION = 1;
				DEVELOPMENT_TEAM = E3FZZXWET7;
				GENERATE_INFOPLIST_FILE = YES;
				MARKETING_VERSION = 1.0;
				PRODUCT_BUNDLE_IDENTIFIER = com.trv.CoordinatesUITests;
				PRODUCT_NAME = "$(TARGET_NAME)";
				SWIFT_EMIT_LOC_STRINGS = NO;
				SWIFT_VERSION = 5.0;
				TARGETED_DEVICE_FAMILY = "1,2";
				TEST_TARGET_NAME = Coordinates;
			};
			name = Debug;
		};
		8F0BB8382A7A67F300A72248 /* Release */ = {
			isa = XCBuildConfiguration;
			buildSettings = {
				ALWAYS_EMBED_SWIFT_STANDARD_LIBRARIES = YES;
				CODE_SIGN_STYLE = Automatic;
				CURRENT_PROJECT_VERSION = 1;
				DEVELOPMENT_TEAM = E3FZZXWET7;
				GENERATE_INFOPLIST_FILE = YES;
				MARKETING_VERSION = 1.0;
				PRODUCT_BUNDLE_IDENTIFIER = com.trv.CoordinatesUITests;
				PRODUCT_NAME = "$(TARGET_NAME)";
				SWIFT_EMIT_LOC_STRINGS = NO;
				SWIFT_VERSION = 5.0;
				TARGETED_DEVICE_FAMILY = "1,2";
				TEST_TARGET_NAME = Coordinates;
			};
			name = Release;
		};
/* End XCBuildConfiguration section */

/* Begin XCConfigurationList section */
		8F0BB8072A7A67F200A72248 /* Build configuration list for PBXProject "Coordinates" */ = {
			isa = XCConfigurationList;
			buildConfigurations = (
				8F0BB82E2A7A67F300A72248 /* Debug */,
				8F0BB82F2A7A67F300A72248 /* Release */,
			);
			defaultConfigurationIsVisible = 0;
			defaultConfigurationName = Release;
		};
		8F0BB8302A7A67F300A72248 /* Build configuration list for PBXNativeTarget "Coordinates" */ = {
			isa = XCConfigurationList;
			buildConfigurations = (
				8F0BB8312A7A67F300A72248 /* Debug */,
				8F0BB8322A7A67F300A72248 /* Release */,
			);
			defaultConfigurationIsVisible = 0;
			defaultConfigurationName = Release;
		};
		8F0BB8332A7A67F300A72248 /* Build configuration list for PBXNativeTarget "CoordinatesTests" */ = {
			isa = XCConfigurationList;
			buildConfigurations = (
				8F0BB8342A7A67F300A72248 /* Debug */,
				8F0BB8352A7A67F300A72248 /* Release */,
			);
			defaultConfigurationIsVisible = 0;
			defaultConfigurationName = Release;
		};
		8F0BB8362A7A67F300A72248 /* Build configuration list for PBXNativeTarget "CoordinatesUITests" */ = {
			isa = XCConfigurationList;
			buildConfigurations = (
				8F0BB8372A7A67F300A72248 /* Debug */,
				8F0BB8382A7A67F300A72248 /* Release */,
			);
			defaultConfigurationIsVisible = 0;
			defaultConfigurationName = Release;
		};
/* End XCConfigurationList section */
	};
	rootObject = 8F0BB8042A7A67F200A72248 /* Project object */;
}
